// !$*UTF8*$!
{
	archiveVersion = 1;
	classes = {
	};
	objectVersion = 46;
	objects = {

/* Begin PBXBuildFile section */
		745436711E37CE0E009A6F24 /* AppDelegate.swift in Sources */ = {isa = PBXBuildFile; fileRef = 745436701E37CE0E009A6F24 /* AppDelegate.swift */; };
		745436731E37CE0E009A6F24 /* ViewController.swift in Sources */ = {isa = PBXBuildFile; fileRef = 745436721E37CE0E009A6F24 /* ViewController.swift */; };
		745436761E37CE0E009A6F24 /* Main.storyboard in Resources */ = {isa = PBXBuildFile; fileRef = 745436741E37CE0E009A6F24 /* Main.storyboard */; };
		745436781E37CE0E009A6F24 /* Assets.xcassets in Resources */ = {isa = PBXBuildFile; fileRef = 745436771E37CE0E009A6F24 /* Assets.xcassets */; };
		7454367B1E37CE0E009A6F24 /* LaunchScreen.storyboard in Resources */ = {isa = PBXBuildFile; fileRef = 745436791E37CE0E009A6F24 /* LaunchScreen.storyboard */; };
		745436831E37CEF3009A6F24 /* 1942 report.ttf in Resources */ = {isa = PBXBuildFile; fileRef = 745436821E37CEF3009A6F24 /* 1942 report.ttf */; };
		745436851E38BC0F009A6F24 /* ProgressBar.swift in Sources */ = {isa = PBXBuildFile; fileRef = 745436841E38BC0F009A6F24 /* ProgressBar.swift */; };
		7454F45E1E3C64BC00E1D0C0 /* README.md in Sources */ = {isa = PBXBuildFile; fileRef = 7454F45D1E3C64BC00E1D0C0 /* README.md */; };
/* End PBXBuildFile section */

/* Begin PBXFileReference section */
		7454366D1E37CE0E009A6F24 /* capcha.app */ = {isa = PBXFileReference; explicitFileType = wrapper.application; includeInIndex = 0; path = capcha.app; sourceTree = BUILT_PRODUCTS_DIR; };
		745436701E37CE0E009A6F24 /* AppDelegate.swift */ = {isa = PBXFileReference; lastKnownFileType = sourcecode.swift; path = AppDelegate.swift; sourceTree = "<group>"; };
		745436721E37CE0E009A6F24 /* ViewController.swift */ = {isa = PBXFileReference; lastKnownFileType = sourcecode.swift; path = ViewController.swift; sourceTree = "<group>"; };
		745436751E37CE0E009A6F24 /* Base */ = {isa = PBXFileReference; lastKnownFileType = file.storyboard; name = Base; path = Base.lproj/Main.storyboard; sourceTree = "<group>"; };
		745436771E37CE0E009A6F24 /* Assets.xcassets */ = {isa = PBXFileReference; lastKnownFileType = folder.assetcatalog; path = Assets.xcassets; sourceTree = "<group>"; };
		7454367A1E37CE0E009A6F24 /* Base */ = {isa = PBXFileReference; lastKnownFileType = file.storyboard; name = Base; path = Base.lproj/LaunchScreen.storyboard; sourceTree = "<group>"; };
		7454367C1E37CE0E009A6F24 /* Info.plist */ = {isa = PBXFileReference; lastKnownFileType = text.plist.xml; path = Info.plist; sourceTree = "<group>"; };
		745436821E37CEF3009A6F24 /* 1942 report.ttf */ = {isa = PBXFileReference; lastKnownFileType = file; name = "1942 report.ttf"; path = "../1942 report.ttf"; sourceTree = "<group>"; };
		745436841E38BC0F009A6F24 /* ProgressBar.swift */ = {isa = PBXFileReference; fileEncoding = 4; lastKnownFileType = sourcecode.swift; path = ProgressBar.swift; sourceTree = "<group>"; };
		7454F45D1E3C64BC00E1D0C0 /* README.md */ = {isa = PBXFileReference; fileEncoding = 4; lastKnownFileType = net.daringfireball.markdown; path = README.md; sourceTree = "<group>"; };
/* End PBXFileReference section */

/* Begin PBXFrameworksBuildPhase section */
		7454366A1E37CE0E009A6F24 /* Frameworks */ = {
			isa = PBXFrameworksBuildPhase;
			buildActionMask = 2147483647;
			files = (
			);
			runOnlyForDeploymentPostprocessing = 0;
		};
/* End PBXFrameworksBuildPhase section */

/* Begin PBXGroup section */
		745436641E37CE0E009A6F24 = {
			isa = PBXGroup;
			children = (
				7454366F1E37CE0E009A6F24 /* capcha */,
				7454366E1E37CE0E009A6F24 /* Products */,
			);
			sourceTree = "<group>";
		};
		7454366E1E37CE0E009A6F24 /* Products */ = {
			isa = PBXGroup;
			children = (
				7454366D1E37CE0E009A6F24 /* capcha.app */,
			);
			name = Products;
			sourceTree = "<group>";
		};
		7454366F1E37CE0E009A6F24 /* capcha */ = {
			isa = PBXGroup;
			children = (
				7454F45D1E3C64BC00E1D0C0 /* README.md */,
				745436821E37CEF3009A6F24 /* 1942 report.ttf */,
				745436701E37CE0E009A6F24 /* AppDelegate.swift */,
				745436841E38BC0F009A6F24 /* ProgressBar.swift */,
				745436721E37CE0E009A6F24 /* ViewController.swift */,
				745436741E37CE0E009A6F24 /* Main.storyboard */,
				745436771E37CE0E009A6F24 /* Assets.xcassets */,
				745436791E37CE0E009A6F24 /* LaunchScreen.storyboard */,
				7454367C1E37CE0E009A6F24 /* Info.plist */,
			);
			path = capcha;
			sourceTree = "<group>";
		};
/* End PBXGroup section */

/* Begin PBXNativeTarget section */
		7454366C1E37CE0E009A6F24 /* capcha */ = {
			isa = PBXNativeTarget;
			buildConfigurationList = 7454367F1E37CE0E009A6F24 /* Build configuration list for PBXNativeTarget "capcha" */;
			buildPhases = (
				745436691E37CE0E009A6F24 /* Sources */,
				7454366A1E37CE0E009A6F24 /* Frameworks */,
				7454366B1E37CE0E009A6F24 /* Resources */,
			);
			buildRules = (
			);
			dependencies = (
			);
			name = capcha;
			productName = capcha;
			productReference = 7454366D1E37CE0E009A6F24 /* capcha.app */;
			productType = "com.apple.product-type.application";
		};
/* End PBXNativeTarget section */

/* Begin PBXProject section */
		745436651E37CE0E009A6F24 /* Project object */ = {
			isa = PBXProject;
			attributes = {
				LastSwiftUpdateCheck = 0820;
				LastUpgradeCheck = 0820;
				ORGANIZATIONNAME = "Yegor's Mac";
				TargetAttributes = {
					7454366C1E37CE0E009A6F24 = {
						CreatedOnToolsVersion = 8.2.1;
						DevelopmentTeam = N2BKJ2AF66;
						ProvisioningStyle = Automatic;
					};
				};
			};
			buildConfigurationList = 745436681E37CE0E009A6F24 /* Build configuration list for PBXProject "capcha" */;
			compatibilityVersion = "Xcode 3.2";
			developmentRegion = English;
			hasScannedForEncodings = 0;
			knownRegions = (
				en,
				Base,
			);
			mainGroup = 745436641E37CE0E009A6F24;
			productRefGroup = 7454366E1E37CE0E009A6F24 /* Products */;
			projectDirPath = "";
			projectRoot = "";
			targets = (
				7454366C1E37CE0E009A6F24 /* capcha */,
			);
		};
/* End PBXProject section */

/* Begin PBXResourcesBuildPhase section */
		7454366B1E37CE0E009A6F24 /* Resources */ = {
			isa = PBXResourcesBuildPhase;
			buildActionMask = 2147483647;
			files = (
				745436831E37CEF3009A6F24 /* 1942 report.ttf in Resources */,
				7454367B1E37CE0E009A6F24 /* LaunchScreen.storyboard in Resources */,
				745436781E37CE0E009A6F24 /* Assets.xcassets in Resources */,
				745436761E37CE0E009A6F24 /* Main.storyboard in Resources */,
			);
			runOnlyForDeploymentPostprocessing = 0;
		};
/* End PBXResourcesBuildPhase section */

/* Begin PBXSourcesBuildPhase section */
		745436691E37CE0E009A6F24 /* Sources */ = {
			isa = PBXSourcesBuildPhase;
			buildActionMask = 2147483647;
			files = (
				745436731E37CE0E009A6F24 /* ViewController.swift in Sources */,
				745436851E38BC0F009A6F24 /* ProgressBar.swift in Sources */,
				7454F45E1E3C64BC00E1D0C0 /* README.md in Sources */,
				745436711E37CE0E009A6F24 /* AppDelegate.swift in Sources */,
			);
			runOnlyForDeploymentPostprocessing = 0;
		};
/* End PBXSourcesBuildPhase section */

/* Begin PBXVariantGroup section */
		745436741E37CE0E009A6F24 /* Main.storyboard */ = {
			isa = PBXVariantGroup;
			children = (
				745436751E37CE0E009A6F24 /* Base */,
			);
			name = Main.storyboard;
			sourceTree = "<group>";
		};
		745436791E37CE0E009A6F24 /* LaunchScreen.storyboard */ = {
			isa = PBXVariantGroup;
			children = (
				7454367A1E37CE0E009A6F24 /* Base */,
			);
			name = LaunchScreen.storyboard;
			sourceTree = "<group>";
		};
/* End PBXVariantGroup section */

/* Begin XCBuildConfiguration section */
		7454367D1E37CE0E009A6F24 /* Debug */ = {
			isa = XCBuildConfiguration;
			buildSettings = {
				ALWAYS_SEARCH_USER_PATHS = NO;
				CLANG_ANALYZER_NONNULL = YES;
				CLANG_CXX_LANGUAGE_STANDARD = "gnu++0x";
				CLANG_CXX_LIBRARY = "libc++";
				CLANG_ENABLE_MODULES = YES;
				CLANG_ENABLE_OBJC_ARC = YES;
				CLANG_WARN_BOOL_CONVERSION = YES;
				CLANG_WARN_CONSTANT_CONVERSION = YES;
				CLANG_WARN_DIRECT_OBJC_ISA_USAGE = YES_ERROR;
				CLANG_WARN_DOCUMENTATION_COMMENTS = YES;
				CLANG_WARN_EMPTY_BODY = YES;
				CLANG_WARN_ENUM_CONVERSION = YES;
				CLANG_WARN_INFINITE_RECURSION = YES;
				CLANG_WARN_INT_CONVERSION = YES;
				CLANG_WARN_OBJC_ROOT_CLASS = YES_ERROR;
				CLANG_WARN_SUSPICIOUS_MOVE = YES;
				CLANG_WARN_UNREACHABLE_CODE = YES;
				CLANG_WARN__DUPLICATE_METHOD_MATCH = YES;
				"CODE_SIGN_IDENTITY[sdk=iphoneos*]" = "iPhone Developer";
				COPY_PHASE_STRIP = NO;
				DEBUG_INFORMATION_FORMAT = dwarf;
				ENABLE_STRICT_OBJC_MSGSEND = YES;
				ENABLE_TESTABILITY = YES;
				GCC_C_LANGUAGE_STANDARD = gnu99;
				GCC_DYNAMIC_NO_PIC = NO;
				GCC_NO_COMMON_BLOCKS = YES;
				GCC_OPTIMIZATION_LEVEL = 0;
				GCC_PREPROCESSOR_DEFINITIONS = (
					"DEBUG=1",
					"$(inherited)",
				);
				GCC_WARN_64_TO_32_BIT_CONVERSION = YES;
				GCC_WARN_ABOUT_RETURN_TYPE = YES_ERROR;
				GCC_WARN_UNDECLARED_SELECTOR = YES;
				GCC_WARN_UNINITIALIZED_AUTOS = YES_AGGRESSIVE;
				GCC_WARN_UNUSED_FUNCTION = YES;
				GCC_WARN_UNUSED_VARIABLE = YES;
				IPHONEOS_DEPLOYMENT_TARGET = 10.2;
				MTL_ENABLE_DEBUG_INFO = YES;
				ONLY_ACTIVE_ARCH = YES;
				SDKROOT = iphoneos;
				SWIFT_ACTIVE_COMPILATION_CONDITIONS = DEBUG;
				SWIFT_OPTIMIZATION_LEVEL = "-Onone";
			};
			name = Debug;
		};
		7454367E1E37CE0E009A6F24 /* Release */ = {
			isa = XCBuildConfiguration;
			buildSettings = {
				ALWAYS_SEARCH_USER_PATHS = NO;
				CLANG_ANALYZER_NONNULL = YES;
				CLANG_CXX_LANGUAGE_STANDARD = "gnu++0x";
				CLANG_CXX_LIBRARY = "libc++";
				CLANG_ENABLE_MODULES = YES;
				CLANG_ENABLE_OBJC_ARC = YES;
				CLANG_WARN_BOOL_CONVERSION = YES;
				CLANG_WARN_CONSTANT_CONVERSION = YES;
				CLANG_WARN_DIRECT_OBJC_ISA_USAGE = YES_ERROR;
				CLANG_WARN_DOCUMENTATION_COMMENTS = YES;
				CLANG_WARN_EMPTY_BODY = YES;
				CLANG_WARN_ENUM_CONVERSION = YES;
				CLANG_WARN_INFINITE_RECURSION = YES;
				CLANG_WARN_INT_CONVERSION = YES;
				CLANG_WARN_OBJC_ROOT_CLASS = YES_ERROR;
				CLANG_WARN_SUSPICIOUS_MOVE = YES;
				CLANG_WARN_UNREACHABLE_CODE = YES;
				CLANG_WARN__DUPLICATE_METHOD_MATCH = YES;
				"CODE_SIGN_IDENTITY[sdk=iphoneos*]" = "iPhone Developer";
				COPY_PHASE_STRIP = NO;
				DEBUG_INFORMATION_FORMAT = "dwarf-with-dsym";
				ENABLE_NS_ASSERTIONS = NO;
				ENABLE_STRICT_OBJC_MSGSEND = YES;
				GCC_C_LANGUAGE_STANDARD = gnu99;
				GCC_NO_COMMON_BLOCKS = YES;
				GCC_WARN_64_TO_32_BIT_CONVERSION = YES;
				GCC_WARN_ABOUT_RETURN_TYPE = YES_ERROR;
				GCC_WARN_UNDECLARED_SELECTOR = YES;
				GCC_WARN_UNINITIALIZED_AUTOS = YES_AGGRESSIVE;
				GCC_WARN_UNUSED_FUNCTION = YES;
				GCC_WARN_UNUSED_VARIABLE = YES;
				IPHONEOS_DEPLOYMENT_TARGET = 10.2;
				MTL_ENABLE_DEBUG_INFO = NO;
				SDKROOT = iphoneos;
				SWIFT_OPTIMIZATION_LEVEL = "-Owholemodule";
				VALIDATE_PRODUCT = YES;
			};
			name = Release;
		};
		745436801E37CE0E009A6F24 /* Debug */ = {
			isa = XCBuildConfiguration;
			buildSettings = {
				ASSETCATALOG_COMPILER_APPICON_NAME = AppIcon;
				DEVELOPMENT_TEAM = N2BKJ2AF66;
				INFOPLIST_FILE = capcha/Info.plist;
				LD_RUNPATH_SEARCH_PATHS = "$(inherited) @executable_path/Frameworks";
				PRODUCT_BUNDLE_IDENTIFIER = yegorsMac.capcha;
				PRODUCT_NAME = "$(TARGET_NAME)";
				SWIFT_VERSION = 3.0;
			};
			name = Debug;
		};
		745436811E37CE0E009A6F24 /* Release */ = {
			isa = XCBuildConfiguration;
			buildSettings = {
				ASSETCATALOG_COMPILER_APPICON_NAME = AppIcon;
				DEVELOPMENT_TEAM = N2BKJ2AF66;
				INFOPLIST_FILE = capcha/Info.plist;
				LD_RUNPATH_SEARCH_PATHS = "$(inherited) @executable_path/Frameworks";
				PRODUCT_BUNDLE_IDENTIFIER = yegorsMac.capcha;
				PRODUCT_NAME = "$(TARGET_NAME)";
				SWIFT_VERSION = 3.0;
			};
			name = Release;
		};
/* End XCBuildConfiguration section */

/* Begin XCConfigurationList section */
		745436681E37CE0E009A6F24 /* Build configuration list for PBXProject "capcha" */ = {
			isa = XCConfigurationList;
			buildConfigurations = (
				7454367D1E37CE0E009A6F24 /* Debug */,
				7454367E1E37CE0E009A6F24 /* Release */,
			);
			defaultConfigurationIsVisible = 0;
			defaultConfigurationName = Release;
		};
		7454367F1E37CE0E009A6F24 /* Build configuration list for PBXNativeTarget "capcha" */ = {
			isa = XCConfigurationList;
			buildConfigurations = (
				745436801E37CE0E009A6F24 /* Debug */,
				745436811E37CE0E009A6F24 /* Release */,
			);
			defaultConfigurationIsVisible = 0;
			defaultConfigurationName = Release;
		};
/* End XCConfigurationList section */
	};
	rootObject = 745436651E37CE0E009A6F24 /* Project object */;
}
